
Microsoft Visual Studio Solution File, Format Version 12.00
# Visual Studio Version 17
VisualStudioVersion = 17.11.35222.181
MinimumVisualStudioVersion = 10.0.40219.1
Project("{8BC9CEB8-8B4A-11D0-8D11-00A0C91BC942}") = "ddex2", "ddex2.vcxproj", "{76355FE3-E933-4945-A942-124E62B97FB4}"
EndProject
Global
	GlobalSection(SolutionConfigurationPlatforms) = preSolution
		Debug|x64 = Debug|x64
		Debug|x86 = Debug|x86
		Release|x64 = Release|x64
		Release|x86 = Release|x86
	EndGlobalSection
	GlobalSection(ProjectConfigurationPlatforms) = postSolution
		{76355FE3-E933-4945-A942-124E62B97FB4}.Debug|x64.ActiveCfg = Debug|x64
		{76355FE3-E933-4945-A942-124E62B97FB4}.Debug|x64.Build.0 = Debug|x64
		{76355FE3-E933-4945-A942-124E62B97FB4}.Debug|x86.ActiveCfg = Debug|Win32
		{76355FE3-E933-4945-A942-124E62B97FB4}.Debug|x86.Build.0 = Debug|Win32
		{76355FE3-E933-4945-A942-124E62B97FB4}.Release|x64.ActiveCfg = Release|x64
		{76355FE3-E933-4945-A942-124E62B97FB4}.Release|x64.Build.0 = Release|x64
		{76355FE3-E933-4945-A942-124E62B97FB4}.Release|x86.ActiveCfg = Release|Win32
		{76355FE3-E933-4945-A942-124E62B97FB4}.Release|x86.Build.0 = Release|Win32
	EndGlobalSection
	GlobalSection(SolutionProperties) = preSolution
		HideSolutionNode = FALSE
	EndGlobalSection
	GlobalSection(ExtensibilityGlobals) = postSolution
		SolutionGuid = {1B096018-84E5-40B8-81B2-17B3CE302849}
	EndGlobalSection
EndGlobal
